
Microsoft Visual Studio Solution File, Format Version 12.00
# Visual Studio Version 16
VisualStudioVersion = 16.0.30611.23
MinimumVisualStudioVersion = 10.0.40219.1
Project("{8BC9CEB8-8B4A-11D0-8D11-00A0C91BC942}") = "y=f(x)", "y=f(x).vcxproj", "{2476A793-3B4A-4064-B9C9-CCF5277EBAFD}"
EndProject
Global
	GlobalSection(SolutionConfigurationPlatforms) = preSolution
		Debug|x64 = Debug|x64
		Debug|x86 = Debug|x86
		Release|x64 = Release|x64
		Release|x86 = Release|x86
	EndGlobalSection
	GlobalSection(ProjectConfigurationPlatforms) = postSolution
		{2476A793-3B4A-4064-B9C9-CCF5277EBAFD}.Debug|x64.ActiveCfg = Debug|x64
		{2476A793-3B4A-4064-B9C9-CCF5277EBAFD}.Debug|x64.Build.0 = Debug|x64
		{2476A793-3B4A-4064-B9C9-CCF5277EBAFD}.Debug|x86.ActiveCfg = Debug|Win32
		{2476A793-3B4A-4064-B9C9-CCF5277EBAFD}.Debug|x86.Build.0 = Debug|Win32
		{2476A793-3B4A-4064-B9C9-CCF5277EBAFD}.Release|x64.ActiveCfg = Release|x64
		{2476A793-3B4A-4064-B9C9-CCF5277EBAFD}.Release|x64.Build.0 = Release|x64
		{2476A793-3B4A-4064-B9C9-CCF5277EBAFD}.Release|x86.ActiveCfg = Release|Win32
		{2476A793-3B4A-4064-B9C9-CCF5277EBAFD}.Release|x86.Build.0 = Release|Win32
	EndGlobalSection
	GlobalSection(SolutionProperties) = preSolution
		HideSolutionNode = FALSE
	EndGlobalSection
	GlobalSection(ExtensibilityGlobals) = postSolution
		SolutionGuid = {305578EF-AD4F-4DFE-AA3D-9396FAD3568D}
	EndGlobalSection
EndGlobal
